{
    "_meta": {
        "hash": {
            "sha256": "c36ae28fea7b9a4cc02145632e2f41469af2e7b38b801903abb8333d3306f36b"
        },
        "pipfile-spec": 6,
        "requires": {
            "python_version": "3.9"
        },
        "sources": [
            {
                "name": "pypi",
                "url": "https://pypi.org/simple",
                "verify_ssl": true
            }
        ]
    },
    "default": {
        "asgiref": {
            "hashes": [
                "sha256:5f184dc43b7e763efe848065441eac62229c9f7b0475f41f80e207a114eda4ce",
                "sha256:e8667a091e69529631969fd45dc268fa79b99c92c5fcdda727757e52146ec133"
            ],
            "markers": "python_version >= '3.9'",
            "version": "==3.11.1"
        },
        "django": {
            "hashes": [
                "sha256:4d07aaf1c62f9984842b67c2874ebbf7056a17be253860299b93ae1881faad65",
                "sha256:4ebc7a434e3819db6cf4b399fb5b3f536310a30e8486f08b66886840be84b37c"
            ],
            "index": "pypi",
            "markers": "python_version >= '3.8'",
            "version": "==4.2.30"
        },
        "sqlparse": {
            "hashes": [
                "sha256:12a08b3bf3eec877c519589833aed092e2444e68240a3577e8e26148acc7b1ba",
                "sha256:e20d4a9b0b8585fdf63b10d30066c7c94c5d7a7ec47c889a2d83a3caa93ff28e"
            ],
            "markers": "python_version >= '3.8'",
            "version": "==0.5.5"
        },
        "typing-extensions": {
            "hashes": [
                "sha256:0cea48d173cc12fa28ecabc3b837ea3cf6f38c6d1136f85cbaaf598984861466",
                "sha256:f0fa19c6845758ab08074a0cfa8b7aecb71c999ca73d62883bc25cc018c4e548"
            ],
            "markers": "python_version >= '3.9'",
            "version": "==4.15.0"
        },
        "tzdata": {
            "hashes": [
                "sha256:11ef1e08e54acb0d4f95bdb1be05da659673de4acbd21bf9c69e94cc5e907a3a",
                "sha256:7e65763eef3120314099b6939b5546db7adce1e7d6f2e179e3df563c70511eda"
            ],
            "markers": "sys_platform == 'win32'",
            "version": "==2023.3"
        }
    },
    "develop": {}
}
